
Microsoft Visual Studio Solution File, Format Version 12.00
Project("{2150E333-8FDC-42A3-9474-1A3956D46DE8}") = "src", "src", "{410F250C-AB94-452D-AC5F-24B364E55C2F}"
EndProject
Project("{FAE04EC0-301F-11D3-BF4B-00C04F79EFBC}") = "MyCareer.Domain", "src\MyCareer.Domain\MyCareer.Domain.csproj", "{5E5BE90D-18E7-479C-97D0-DD79A63F9B5F}"
EndProject
Project("{FAE04EC0-301F-11D3-BF4B-00C04F79EFBC}") = "MyCareer.Data", "src\MyCareer.Data\MyCareer.Data.csproj", "{69984E4F-7219-4DCD-9FDE-DC255E57C169}"
EndProject
Project("{FAE04EC0-301F-11D3-BF4B-00C04F79EFBC}") = "MyCareer.Service", "src\MyCareer.Service\MyCareer.Service.csproj", "{0DBD6A20-96F4-43A9-AD9D-6D15252E2AC8}"
EndProject
Project("{FAE04EC0-301F-11D3-BF4B-00C04F79EFBC}") = "MyCareer.Api", "src\MyCareer.Api\MyCareer.Api.csproj", "{86A4A6C1-1B25-4DE2-B978-A55B0315D1AE}"
EndProject
Global
	GlobalSection(SolutionConfigurationPlatforms) = preSolution
		Debug|Any CPU = Debug|Any CPU
		Release|Any CPU = Release|Any CPU
	EndGlobalSection
	GlobalSection(ProjectConfigurationPlatforms) = postSolution
		{5E5BE90D-18E7-479C-97D0-DD79A63F9B5F}.Debug|Any CPU.ActiveCfg = Debug|Any CPU
		{5E5BE90D-18E7-479C-97D0-DD79A63F9B5F}.Debug|Any CPU.Build.0 = Debug|Any CPU
		{5E5BE90D-18E7-479C-97D0-DD79A63F9B5F}.Release|Any CPU.ActiveCfg = Release|Any CPU
		{5E5BE90D-18E7-479C-97D0-DD79A63F9B5F}.Release|Any CPU.Build.0 = Release|Any CPU
		{69984E4F-7219-4DCD-9FDE-DC255E57C169}.Debug|Any CPU.ActiveCfg = Debug|Any CPU
		{69984E4F-7219-4DCD-9FDE-DC255E57C169}.Debug|Any CPU.Build.0 = Debug|Any CPU
		{69984E4F-7219-4DCD-9FDE-DC255E57C169}.Release|Any CPU.ActiveCfg = Release|Any CPU
		{69984E4F-7219-4DCD-9FDE-DC255E57C169}.Release|Any CPU.Build.0 = Release|Any CPU
		{0DBD6A20-96F4-43A9-AD9D-6D15252E2AC8}.Debug|Any CPU.ActiveCfg = Debug|Any CPU
		{0DBD6A20-96F4-43A9-AD9D-6D15252E2AC8}.Debug|Any CPU.Build.0 = Debug|Any CPU
		{0DBD6A20-96F4-43A9-AD9D-6D15252E2AC8}.Release|Any CPU.ActiveCfg = Release|Any CPU
		{0DBD6A20-96F4-43A9-AD9D-6D15252E2AC8}.Release|Any CPU.Build.0 = Release|Any CPU
		{86A4A6C1-1B25-4DE2-B978-A55B0315D1AE}.Debug|Any CPU.ActiveCfg = Debug|Any CPU
		{86A4A6C1-1B25-4DE2-B978-A55B0315D1AE}.Debug|Any CPU.Build.0 = Debug|Any CPU
		{86A4A6C1-1B25-4DE2-B978-A55B0315D1AE}.Release|Any CPU.ActiveCfg = Release|Any CPU
		{86A4A6C1-1B25-4DE2-B978-A55B0315D1AE}.Release|Any CPU.Build.0 = Release|Any CPU
	EndGlobalSection
	GlobalSection(NestedProjects) = preSolution
		{5E5BE90D-18E7-479C-97D0-DD79A63F9B5F} = {410F250C-AB94-452D-AC5F-24B364E55C2F}
		{69984E4F-7219-4DCD-9FDE-DC255E57C169} = {410F250C-AB94-452D-AC5F-24B364E55C2F}
		{0DBD6A20-96F4-43A9-AD9D-6D15252E2AC8} = {410F250C-AB94-452D-AC5F-24B364E55C2F}
		{86A4A6C1-1B25-4DE2-B978-A55B0315D1AE} = {410F250C-AB94-452D-AC5F-24B364E55C2F}
	EndGlobalSection
EndGlobal
