
Microsoft Visual Studio Solution File, Format Version 12.00
# Visual Studio Version 17
VisualStudioVersion = 17.4.33213.308
MinimumVisualStudioVersion = 10.0.40219.1
Project("{2150E333-8FDC-42A3-9474-1A3956D46DE8}") = "src", "src", "{410F250C-AB94-452D-AC5F-24B364E55C2F}"
EndProject
Project("{9A19103F-16F7-4668-BE54-9A1E7A4F7556}") = "MyCarier.Domain", "src\MyCarier.Domain\MyCarier.Domain.csproj", "{5E5BE90D-18E7-479C-97D0-DD79A63F9B5F}"
EndProject
Global
	GlobalSection(SolutionConfigurationPlatforms) = preSolution
		Debug|Any CPU = Debug|Any CPU
		Release|Any CPU = Release|Any CPU
	EndGlobalSection
	GlobalSection(ProjectConfigurationPlatforms) = postSolution
		{5E5BE90D-18E7-479C-97D0-DD79A63F9B5F}.Debug|Any CPU.ActiveCfg = Debug|Any CPU
		{5E5BE90D-18E7-479C-97D0-DD79A63F9B5F}.Debug|Any CPU.Build.0 = Debug|Any CPU
		{5E5BE90D-18E7-479C-97D0-DD79A63F9B5F}.Release|Any CPU.ActiveCfg = Release|Any CPU
		{5E5BE90D-18E7-479C-97D0-DD79A63F9B5F}.Release|Any CPU.Build.0 = Release|Any CPU
	EndGlobalSection
	GlobalSection(SolutionProperties) = preSolution
		HideSolutionNode = FALSE
	EndGlobalSection
	GlobalSection(NestedProjects) = preSolution
		{5E5BE90D-18E7-479C-97D0-DD79A63F9B5F} = {410F250C-AB94-452D-AC5F-24B364E55C2F}
	EndGlobalSection
	GlobalSection(ExtensibilityGlobals) = postSolution
		SolutionGuid = {5B88DC9A-64BA-433A-A33A-DAA89A1A13E2}
	EndGlobalSection
EndGlobal
